{
  "version": 1,
  "dependencies": {
    "net10.0": {
      "collatz": {
        "type": "Project",
        "dependencies": {
          "HalHeinrich.Numerics.BigRational": "[0.1.0-preview2, )"
        }
      },
      "HalHeinrich.Numerics.BigRational": {
        "type": "Project"
      }
    }
  }
}